
Microsoft Visual Studio Solution File, Format Version 12.00
# Visual Studio Version 17
VisualStudioVersion = 17.0.32014.148
MinimumVisualStudioVersion = 10.0.40219.1
Project("{FAE04EC0-301F-11D3-BF4B-00C04F79EFBC}") = "pr25-26", "pr25-26\pr25-26.csproj", "{0327A0A7-9BC7-4A34-B7C6-5C30B9DC1C3D}"
EndProject
Global
	GlobalSection(SolutionConfigurationPlatforms) = preSolution
		Debug|Any CPU = Debug|Any CPU
		Release|Any CPU = Release|Any CPU
	EndGlobalSection
	GlobalSection(ProjectConfigurationPlatforms) = postSolution
		{0327A0A7-9BC7-4A34-B7C6-5C30B9DC1C3D}.Debug|Any CPU.ActiveCfg = Debug|Any CPU
		{0327A0A7-9BC7-4A34-B7C6-5C30B9DC1C3D}.Debug|Any CPU.Build.0 = Debug|Any CPU
		{0327A0A7-9BC7-4A34-B7C6-5C30B9DC1C3D}.Release|Any CPU.ActiveCfg = Release|Any CPU
		{0327A0A7-9BC7-4A34-B7C6-5C30B9DC1C3D}.Release|Any CPU.Build.0 = Release|Any CPU
	EndGlobalSection
	GlobalSection(SolutionProperties) = preSolution
		HideSolutionNode = FALSE
	EndGlobalSection
	GlobalSection(ExtensibilityGlobals) = postSolution
		SolutionGuid = {46F4927D-60ED-4256-B9C1-41EA91BE958B}
	EndGlobalSection
EndGlobal
